
Microsoft Visual Studio Solution File, Format Version 12.00
# Visual Studio Version 17
VisualStudioVersion = 17.14.36310.24
MinimumVisualStudioVersion = 10.0.40219.1
Project("{FAE04EC0-301F-11D3-BF4B-00C04F79EFBC}") = "StockScreener", "StockScreener\StockScreener.csproj", "{4E402E9E-86E1-4C48-807E-6EA952ADA229}"
	ProjectSection(ProjectDependencies) = postProject
		{68D0B1D1-75A0-4EF3-A5E0-25A670D79FCE} = {68D0B1D1-75A0-4EF3-A5E0-25A670D79FCE}
		{DAACEE10-02AD-4607-B81E-17212281BDE2} = {DAACEE10-02AD-4607-B81E-17212281BDE2}
	EndProjectSection
EndProject
Project("{FAE04EC0-301F-11D3-BF4B-00C04F79EFBC}") = "EFCore", "EFCore\EFCore.csproj", "{68D0B1D1-75A0-4EF3-A5E0-25A670D79FCE}"
EndProject
Project("{FAE04EC0-301F-11D3-BF4B-00C04F79EFBC}") = "csvHandling", "csvInput\csvHandling.csproj", "{DAACEE10-02AD-4607-B81E-17212281BDE2}"
EndProject
Project("{FAE04EC0-301F-11D3-BF4B-00C04F79EFBC}") = "EbayScraper", "EbayScraper\EbayScraper.csproj", "{A606825A-FF7E-471A-94FA-61595F3CC2AF}"
	ProjectSection(ProjectDependencies) = postProject
		{68D0B1D1-75A0-4EF3-A5E0-25A670D79FCE} = {68D0B1D1-75A0-4EF3-A5E0-25A670D79FCE}
	EndProjectSection
EndProject
Project("{FAE04EC0-301F-11D3-BF4B-00C04F79EFBC}") = "EbayAPI", "EbayAPI\EbayAPI.csproj", "{9C574644-4A1D-4562-A7A7-3BD5B35E5A8B}"
EndProject
Project("{FAE04EC0-301F-11D3-BF4B-00C04F79EFBC}") = "BigBuyAPI", "BigBuyAPI\BigBuyAPI.csproj", "{446E0C6C-5BF5-460F-8E54-C58C8998FBBE}"
EndProject
Project("{FAE04EC0-301F-11D3-BF4B-00C04F79EFBC}") = "UpdateDatabase", "UpdateDatabase\UpdateDatabase.csproj", "{B8ABCC1C-BC1E-441F-8A5A-70AEBAE5A919}"
EndProject
Global
	GlobalSection(SolutionConfigurationPlatforms) = preSolution
		Debug|Any CPU = Debug|Any CPU
		Release|Any CPU = Release|Any CPU
	EndGlobalSection
	GlobalSection(ProjectConfigurationPlatforms) = postSolution
		{4E402E9E-86E1-4C48-807E-6EA952ADA229}.Debug|Any CPU.ActiveCfg = Debug|Any CPU
		{4E402E9E-86E1-4C48-807E-6EA952ADA229}.Debug|Any CPU.Build.0 = Debug|Any CPU
		{4E402E9E-86E1-4C48-807E-6EA952ADA229}.Release|Any CPU.ActiveCfg = Release|Any CPU
		{4E402E9E-86E1-4C48-807E-6EA952ADA229}.Release|Any CPU.Build.0 = Release|Any CPU
		{68D0B1D1-75A0-4EF3-A5E0-25A670D79FCE}.Debug|Any CPU.ActiveCfg = Debug|Any CPU
		{68D0B1D1-75A0-4EF3-A5E0-25A670D79FCE}.Debug|Any CPU.Build.0 = Debug|Any CPU
		{68D0B1D1-75A0-4EF3-A5E0-25A670D79FCE}.Release|Any CPU.ActiveCfg = Release|Any CPU
		{68D0B1D1-75A0-4EF3-A5E0-25A670D79FCE}.Release|Any CPU.Build.0 = Release|Any CPU
		{DAACEE10-02AD-4607-B81E-17212281BDE2}.Debug|Any CPU.ActiveCfg = Debug|Any CPU
		{DAACEE10-02AD-4607-B81E-17212281BDE2}.Debug|Any CPU.Build.0 = Debug|Any CPU
		{DAACEE10-02AD-4607-B81E-17212281BDE2}.Release|Any CPU.ActiveCfg = Release|Any CPU
		{DAACEE10-02AD-4607-B81E-17212281BDE2}.Release|Any CPU.Build.0 = Release|Any CPU
		{A606825A-FF7E-471A-94FA-61595F3CC2AF}.Debug|Any CPU.ActiveCfg = Debug|Any CPU
		{A606825A-FF7E-471A-94FA-61595F3CC2AF}.Debug|Any CPU.Build.0 = Debug|Any CPU
		{A606825A-FF7E-471A-94FA-61595F3CC2AF}.Release|Any CPU.ActiveCfg = Release|Any CPU
		{A606825A-FF7E-471A-94FA-61595F3CC2AF}.Release|Any CPU.Build.0 = Release|Any CPU
		{9C574644-4A1D-4562-A7A7-3BD5B35E5A8B}.Debug|Any CPU.ActiveCfg = Debug|Any CPU
		{9C574644-4A1D-4562-A7A7-3BD5B35E5A8B}.Debug|Any CPU.Build.0 = Debug|Any CPU
		{9C574644-4A1D-4562-A7A7-3BD5B35E5A8B}.Release|Any CPU.ActiveCfg = Release|Any CPU
		{9C574644-4A1D-4562-A7A7-3BD5B35E5A8B}.Release|Any CPU.Build.0 = Release|Any CPU
		{446E0C6C-5BF5-460F-8E54-C58C8998FBBE}.Debug|Any CPU.ActiveCfg = Debug|Any CPU
		{446E0C6C-5BF5-460F-8E54-C58C8998FBBE}.Debug|Any CPU.Build.0 = Debug|Any CPU
		{446E0C6C-5BF5-460F-8E54-C58C8998FBBE}.Release|Any CPU.ActiveCfg = Release|Any CPU
		{446E0C6C-5BF5-460F-8E54-C58C8998FBBE}.Release|Any CPU.Build.0 = Release|Any CPU
		{B8ABCC1C-BC1E-441F-8A5A-70AEBAE5A919}.Debug|Any CPU.ActiveCfg = Debug|Any CPU
		{B8ABCC1C-BC1E-441F-8A5A-70AEBAE5A919}.Debug|Any CPU.Build.0 = Debug|Any CPU
		{B8ABCC1C-BC1E-441F-8A5A-70AEBAE5A919}.Release|Any CPU.ActiveCfg = Release|Any CPU
		{B8ABCC1C-BC1E-441F-8A5A-70AEBAE5A919}.Release|Any CPU.Build.0 = Release|Any CPU
	EndGlobalSection
	GlobalSection(SolutionProperties) = preSolution
		HideSolutionNode = FALSE
	EndGlobalSection
	GlobalSection(ExtensibilityGlobals) = postSolution
		SolutionGuid = {02590F70-B97A-4FCB-9C14-A4639C8BC956}
	EndGlobalSection
EndGlobal
